
Microsoft Visual Studio Solution File, Format Version 12.00
# Visual Studio Version 17
VisualStudioVersion = 17.2.32516.85
MinimumVisualStudioVersion = 10.0.40219.1
Project("{F2A71F9B-5D33-465A-A702-920D77279786}") = "CREPDL", "CREPDL\CREPDL.fsproj", "{E38863E8-88EF-49EC-89AD-1EBBBBE3BE21}"
EndProject
Project("{F2A71F9B-5D33-465A-A702-920D77279786}") = "Expand10646Notation", "Expand10646Notation\Expand10646Notation.fsproj", "{95FE28D9-DBED-46AC-81CC-2906CB40BCBD}"
EndProject
Project("{F2A71F9B-5D33-465A-A702-920D77279786}") = "CREPDLUnitTest", "CREPDLUnitTest\CREPDLUnitTest.fsproj", "{C1468F69-994A-43FC-AD2E-88ED9F38BF99}"
EndProject
Project("{F2A71F9B-5D33-465A-A702-920D77279786}") = "ConsoleApplication", "ConsoleApplication\ConsoleApplication.fsproj", "{D5CF3F82-45C0-4C0B-9DE4-1F441824C6AF}"
EndProject
Project("{F2A71F9B-5D33-465A-A702-920D77279786}") = "EPUBConsoleApplication", "EPUBConsoleApplication\EPUBConsoleApplication.fsproj", "{D4679316-3735-468C-96AD-A6383BC1C456}"
EndProject
Project("{6EC3EE1D-3C4E-46DD-8F32-0CC8E7565705}") = "EPUBValidation", "EPUBValidation\EPUBValidation.fsproj", "{AAA6A18D-BB8E-4A02-89F6-E290AD067DDE}"
EndProject
Project("{FAE04EC0-301F-11D3-BF4B-00C04F79EFBC}") = "EPUBValidatorGUI", "EPUBValidatorGUI\EPUBValidatorGUI.csproj", "{6D73089C-C5ED-457B-B767-B073414E0907}"
EndProject
Project("{F2A71F9B-5D33-465A-A702-920D77279786}") = "DerivedAgePreprocessor", "DerivedAgePreprocessor\DerivedAgePreprocessor.fsproj", "{DD13DE57-986F-41AA-9693-C3A55C3892FC}"
EndProject
Project("{6EC3EE1D-3C4E-46DD-8F32-0CC8E7565705}") = "NFD", "NFD\NFD.fsproj", "{F5D143E1-CCB4-4D75-8090-3B98359D732D}"
EndProject
Project("{6EC3EE1D-3C4E-46DD-8F32-0CC8E7565705}") = "電子化文書の日本語レパートリー検証", "電子化文書の日本語レパートリー検証\電子化文書の日本語レパートリー検証.fsproj", "{6DD41296-CDC0-40CF-BF25-8EA358CD7CAF}"
EndProject
Project("{54435603-DBB4-11D2-8724-00A0C9A8B90C}") = "Installer for CREPDL doc", "Installer for CREPDL doc\Installer for CREPDL doc.vdproj", "{7057B9AB-9547-42FD-9447-4398149638FC}"
EndProject
Global
	GlobalSection(SolutionConfigurationPlatforms) = preSolution
		All|Any CPU = All|Any CPU
		Debug|Any CPU = Debug|Any CPU
		Release|Any CPU = Release|Any CPU
	EndGlobalSection
	GlobalSection(ProjectConfigurationPlatforms) = postSolution
		{E38863E8-88EF-49EC-89AD-1EBBBBE3BE21}.All|Any CPU.ActiveCfg = Release|Any CPU
		{E38863E8-88EF-49EC-89AD-1EBBBBE3BE21}.All|Any CPU.Build.0 = Release|Any CPU
		{E38863E8-88EF-49EC-89AD-1EBBBBE3BE21}.Debug|Any CPU.ActiveCfg = Debug|Any CPU
		{E38863E8-88EF-49EC-89AD-1EBBBBE3BE21}.Debug|Any CPU.Build.0 = Debug|Any CPU
		{E38863E8-88EF-49EC-89AD-1EBBBBE3BE21}.Release|Any CPU.ActiveCfg = Release|Any CPU
		{E38863E8-88EF-49EC-89AD-1EBBBBE3BE21}.Release|Any CPU.Build.0 = Release|Any CPU
		{95FE28D9-DBED-46AC-81CC-2906CB40BCBD}.All|Any CPU.ActiveCfg = Release|Any CPU
		{95FE28D9-DBED-46AC-81CC-2906CB40BCBD}.All|Any CPU.Build.0 = Release|Any CPU
		{95FE28D9-DBED-46AC-81CC-2906CB40BCBD}.Debug|Any CPU.ActiveCfg = Debug|Any CPU
		{95FE28D9-DBED-46AC-81CC-2906CB40BCBD}.Debug|Any CPU.Build.0 = Debug|Any CPU
		{95FE28D9-DBED-46AC-81CC-2906CB40BCBD}.Release|Any CPU.ActiveCfg = Release|Any CPU
		{95FE28D9-DBED-46AC-81CC-2906CB40BCBD}.Release|Any CPU.Build.0 = Release|Any CPU
		{C1468F69-994A-43FC-AD2E-88ED9F38BF99}.All|Any CPU.ActiveCfg = Release|Any CPU
		{C1468F69-994A-43FC-AD2E-88ED9F38BF99}.All|Any CPU.Build.0 = Release|Any CPU
		{C1468F69-994A-43FC-AD2E-88ED9F38BF99}.Debug|Any CPU.ActiveCfg = Debug|Any CPU
		{C1468F69-994A-43FC-AD2E-88ED9F38BF99}.Debug|Any CPU.Build.0 = Debug|Any CPU
		{C1468F69-994A-43FC-AD2E-88ED9F38BF99}.Release|Any CPU.ActiveCfg = Release|Any CPU
		{C1468F69-994A-43FC-AD2E-88ED9F38BF99}.Release|Any CPU.Build.0 = Release|Any CPU
		{D5CF3F82-45C0-4C0B-9DE4-1F441824C6AF}.All|Any CPU.ActiveCfg = Release|Any CPU
		{D5CF3F82-45C0-4C0B-9DE4-1F441824C6AF}.All|Any CPU.Build.0 = Release|Any CPU
		{D5CF3F82-45C0-4C0B-9DE4-1F441824C6AF}.Debug|Any CPU.ActiveCfg = Debug|Any CPU
		{D5CF3F82-45C0-4C0B-9DE4-1F441824C6AF}.Debug|Any CPU.Build.0 = Debug|Any CPU
		{D5CF3F82-45C0-4C0B-9DE4-1F441824C6AF}.Release|Any CPU.ActiveCfg = Release|Any CPU
		{D5CF3F82-45C0-4C0B-9DE4-1F441824C6AF}.Release|Any CPU.Build.0 = Release|Any CPU
		{D4679316-3735-468C-96AD-A6383BC1C456}.All|Any CPU.ActiveCfg = Release|Any CPU
		{D4679316-3735-468C-96AD-A6383BC1C456}.All|Any CPU.Build.0 = Release|Any CPU
		{D4679316-3735-468C-96AD-A6383BC1C456}.Debug|Any CPU.ActiveCfg = Debug|Any CPU
		{D4679316-3735-468C-96AD-A6383BC1C456}.Debug|Any CPU.Build.0 = Debug|Any CPU
		{D4679316-3735-468C-96AD-A6383BC1C456}.Release|Any CPU.ActiveCfg = Release|Any CPU
		{D4679316-3735-468C-96AD-A6383BC1C456}.Release|Any CPU.Build.0 = Release|Any CPU
		{AAA6A18D-BB8E-4A02-89F6-E290AD067DDE}.All|Any CPU.ActiveCfg = Debug|Any CPU
		{AAA6A18D-BB8E-4A02-89F6-E290AD067DDE}.All|Any CPU.Build.0 = Debug|Any CPU
		{AAA6A18D-BB8E-4A02-89F6-E290AD067DDE}.Debug|Any CPU.ActiveCfg = Debug|Any CPU
		{AAA6A18D-BB8E-4A02-89F6-E290AD067DDE}.Debug|Any CPU.Build.0 = Debug|Any CPU
		{AAA6A18D-BB8E-4A02-89F6-E290AD067DDE}.Release|Any CPU.ActiveCfg = Release|Any CPU
		{AAA6A18D-BB8E-4A02-89F6-E290AD067DDE}.Release|Any CPU.Build.0 = Release|Any CPU
		{6D73089C-C5ED-457B-B767-B073414E0907}.All|Any CPU.ActiveCfg = Release|Any CPU
		{6D73089C-C5ED-457B-B767-B073414E0907}.All|Any CPU.Build.0 = Release|Any CPU
		{6D73089C-C5ED-457B-B767-B073414E0907}.Debug|Any CPU.ActiveCfg = Debug|Any CPU
		{6D73089C-C5ED-457B-B767-B073414E0907}.Debug|Any CPU.Build.0 = Debug|Any CPU
		{6D73089C-C5ED-457B-B767-B073414E0907}.Release|Any CPU.ActiveCfg = Release|Any CPU
		{6D73089C-C5ED-457B-B767-B073414E0907}.Release|Any CPU.Build.0 = Release|Any CPU
		{DD13DE57-986F-41AA-9693-C3A55C3892FC}.All|Any CPU.ActiveCfg = Release|Any CPU
		{DD13DE57-986F-41AA-9693-C3A55C3892FC}.All|Any CPU.Build.0 = Release|Any CPU
		{DD13DE57-986F-41AA-9693-C3A55C3892FC}.Debug|Any CPU.ActiveCfg = Debug|Any CPU
		{DD13DE57-986F-41AA-9693-C3A55C3892FC}.Debug|Any CPU.Build.0 = Debug|Any CPU
		{DD13DE57-986F-41AA-9693-C3A55C3892FC}.Release|Any CPU.ActiveCfg = Release|Any CPU
		{DD13DE57-986F-41AA-9693-C3A55C3892FC}.Release|Any CPU.Build.0 = Release|Any CPU
		{F5D143E1-CCB4-4D75-8090-3B98359D732D}.All|Any CPU.ActiveCfg = Debug|Any CPU
		{F5D143E1-CCB4-4D75-8090-3B98359D732D}.All|Any CPU.Build.0 = Debug|Any CPU
		{F5D143E1-CCB4-4D75-8090-3B98359D732D}.Debug|Any CPU.ActiveCfg = Debug|Any CPU
		{F5D143E1-CCB4-4D75-8090-3B98359D732D}.Debug|Any CPU.Build.0 = Debug|Any CPU
		{F5D143E1-CCB4-4D75-8090-3B98359D732D}.Release|Any CPU.ActiveCfg = Release|Any CPU
		{F5D143E1-CCB4-4D75-8090-3B98359D732D}.Release|Any CPU.Build.0 = Release|Any CPU
		{6DD41296-CDC0-40CF-BF25-8EA358CD7CAF}.All|Any CPU.ActiveCfg = Debug|Any CPU
		{6DD41296-CDC0-40CF-BF25-8EA358CD7CAF}.All|Any CPU.Build.0 = Debug|Any CPU
		{6DD41296-CDC0-40CF-BF25-8EA358CD7CAF}.Debug|Any CPU.ActiveCfg = Debug|Any CPU
		{6DD41296-CDC0-40CF-BF25-8EA358CD7CAF}.Debug|Any CPU.Build.0 = Debug|Any CPU
		{6DD41296-CDC0-40CF-BF25-8EA358CD7CAF}.Release|Any CPU.ActiveCfg = Release|Any CPU
		{6DD41296-CDC0-40CF-BF25-8EA358CD7CAF}.Release|Any CPU.Build.0 = Release|Any CPU
		{7057B9AB-9547-42FD-9447-4398149638FC}.All|Any CPU.ActiveCfg = Debug
		{7057B9AB-9547-42FD-9447-4398149638FC}.Debug|Any CPU.ActiveCfg = Debug
		{7057B9AB-9547-42FD-9447-4398149638FC}.Release|Any CPU.ActiveCfg = Release
	EndGlobalSection
	GlobalSection(SolutionProperties) = preSolution
		HideSolutionNode = FALSE
	EndGlobalSection
	GlobalSection(ExtensibilityGlobals) = postSolution
		SolutionGuid = {0175653C-21B5-4CB0-B00A-753BF670661A}
	EndGlobalSection
	GlobalSection(Performance) = preSolution
		HasPerformanceSessions = true
	EndGlobalSection
EndGlobal
